
Microsoft Visual Studio Solution File, Format Version 12.00
# Visual Studio 15
VisualStudioVersion = 15.0.27703.2035
MinimumVisualStudioVersion = 10.0.40219.1
Project("{9A19103F-16F7-4668-BE54-9A1E7A4F7556}") = "IdentityTesting.App", "IdentityTesting.App\IdentityTesting.App.csproj", "{B84CF6C5-C35B-49CE-9005-9412D7F1E883}"
EndProject
Project("{9A19103F-16F7-4668-BE54-9A1E7A4F7556}") = "IdentityTesting.Tests", "IdentityTesting.Tests\IdentityTesting.Tests.csproj", "{4F785C18-E324-4A2F-B1DC-BED6753BF335}"
EndProject
Project("{FAE04EC0-301F-11D3-BF4B-00C04F79EFBC}") = "IdentityTesting.IntegrationTests", "IdentityTesting.IntegrationTests\IdentityTesting.IntegrationTests.csproj", "{33EB3DD6-5A10-4321-8AA4-F19E210E6755}"
EndProject
Global
	GlobalSection(SolutionConfigurationPlatforms) = preSolution
		Debug|Any CPU = Debug|Any CPU
		Release|Any CPU = Release|Any CPU
	EndGlobalSection
	GlobalSection(ProjectConfigurationPlatforms) = postSolution
		{B84CF6C5-C35B-49CE-9005-9412D7F1E883}.Debug|Any CPU.ActiveCfg = Debug|Any CPU
		{B84CF6C5-C35B-49CE-9005-9412D7F1E883}.Debug|Any CPU.Build.0 = Debug|Any CPU
		{B84CF6C5-C35B-49CE-9005-9412D7F1E883}.Release|Any CPU.ActiveCfg = Release|Any CPU
		{B84CF6C5-C35B-49CE-9005-9412D7F1E883}.Release|Any CPU.Build.0 = Release|Any CPU
		{4F785C18-E324-4A2F-B1DC-BED6753BF335}.Debug|Any CPU.ActiveCfg = Debug|Any CPU
		{4F785C18-E324-4A2F-B1DC-BED6753BF335}.Debug|Any CPU.Build.0 = Debug|Any CPU
		{4F785C18-E324-4A2F-B1DC-BED6753BF335}.Release|Any CPU.ActiveCfg = Release|Any CPU
		{4F785C18-E324-4A2F-B1DC-BED6753BF335}.Release|Any CPU.Build.0 = Release|Any CPU
		{33EB3DD6-5A10-4321-8AA4-F19E210E6755}.Debug|Any CPU.ActiveCfg = Debug|Any CPU
		{33EB3DD6-5A10-4321-8AA4-F19E210E6755}.Debug|Any CPU.Build.0 = Debug|Any CPU
		{33EB3DD6-5A10-4321-8AA4-F19E210E6755}.Release|Any CPU.ActiveCfg = Release|Any CPU
		{33EB3DD6-5A10-4321-8AA4-F19E210E6755}.Release|Any CPU.Build.0 = Release|Any CPU
	EndGlobalSection
	GlobalSection(SolutionProperties) = preSolution
		HideSolutionNode = FALSE
	EndGlobalSection
	GlobalSection(ExtensibilityGlobals) = postSolution
		SolutionGuid = {D321C20D-89BA-433B-8F7E-C66A6A02BB3D}
	EndGlobalSection
EndGlobal
